
Microsoft Visual Studio Solution File, Format Version 12.00
# Visual Studio Version 17
VisualStudioVersion = 17.12.35209.166
MinimumVisualStudioVersion = 10.0.40219.1
Project("{FAE04EC0-301F-11D3-BF4B-00C04F79EFBC}") = "FinalProject", "FinalProject\FinalProject.csproj", "{60770C63-762B-424F-9CB8-3C838D16C587}"
EndProject
Global
	GlobalSection(SolutionConfigurationPlatforms) = preSolution
		Debug|Any CPU = Debug|Any CPU
		Release|Any CPU = Release|Any CPU
	EndGlobalSection
	GlobalSection(ProjectConfigurationPlatforms) = postSolution
		{60770C63-762B-424F-9CB8-3C838D16C587}.Debug|Any CPU.ActiveCfg = Debug|Any CPU
		{60770C63-762B-424F-9CB8-3C838D16C587}.Debug|Any CPU.Build.0 = Debug|Any CPU
		{60770C63-762B-424F-9CB8-3C838D16C587}.Release|Any CPU.ActiveCfg = Release|Any CPU
		{60770C63-762B-424F-9CB8-3C838D16C587}.Release|Any CPU.Build.0 = Release|Any CPU
	EndGlobalSection
	GlobalSection(SolutionProperties) = preSolution
		HideSolutionNode = FALSE
	EndGlobalSection
	GlobalSection(ExtensibilityGlobals) = postSolution
		SolutionGuid = {D7CA1F96-8AFF-4189-9275-7C7AAE0036F2}
	EndGlobalSection
EndGlobal
